
Microsoft Visual Studio Solution File, Format Version 12.00
# Visual Studio Version 16
VisualStudioVersion = 16.0.29806.167
MinimumVisualStudioVersion = 10.0.40219.1
Project("{9A19103F-16F7-4668-BE54-9A1E7A4F7556}") = "ConsoleApp1", "ConsoleApp1\ConsoleApp1.csproj", "{237BDAA1-E62B-4D84-B63D-98F603F99A19}"
EndProject
Project("{9A19103F-16F7-4668-BE54-9A1E7A4F7556}") = "Clases", "Clases\Clases.csproj", "{9987167A-C791-4EA1-9B16-D00EBEBEA7BD}"
EndProject
Project("{FAE04EC0-301F-11D3-BF4B-00C04F79EFBC}") = "FormsPrograma", "FormsPrograma\FormsPrograma.csproj", "{FC4FB5FF-5271-4E1E-B7F0-0A77E73CDF01}"
EndProject
Global
	GlobalSection(SolutionConfigurationPlatforms) = preSolution
		Debug|Any CPU = Debug|Any CPU
		Release|Any CPU = Release|Any CPU
	EndGlobalSection
	GlobalSection(ProjectConfigurationPlatforms) = postSolution
		{237BDAA1-E62B-4D84-B63D-98F603F99A19}.Debug|Any CPU.ActiveCfg = Debug|Any CPU
		{237BDAA1-E62B-4D84-B63D-98F603F99A19}.Debug|Any CPU.Build.0 = Debug|Any CPU
		{237BDAA1-E62B-4D84-B63D-98F603F99A19}.Release|Any CPU.ActiveCfg = Release|Any CPU
		{237BDAA1-E62B-4D84-B63D-98F603F99A19}.Release|Any CPU.Build.0 = Release|Any CPU
		{9987167A-C791-4EA1-9B16-D00EBEBEA7BD}.Debug|Any CPU.ActiveCfg = Debug|Any CPU
		{9987167A-C791-4EA1-9B16-D00EBEBEA7BD}.Debug|Any CPU.Build.0 = Debug|Any CPU
		{9987167A-C791-4EA1-9B16-D00EBEBEA7BD}.Release|Any CPU.ActiveCfg = Release|Any CPU
		{9987167A-C791-4EA1-9B16-D00EBEBEA7BD}.Release|Any CPU.Build.0 = Release|Any CPU
		{FC4FB5FF-5271-4E1E-B7F0-0A77E73CDF01}.Debug|Any CPU.ActiveCfg = Debug|Any CPU
		{FC4FB5FF-5271-4E1E-B7F0-0A77E73CDF01}.Debug|Any CPU.Build.0 = Debug|Any CPU
		{FC4FB5FF-5271-4E1E-B7F0-0A77E73CDF01}.Release|Any CPU.ActiveCfg = Release|Any CPU
		{FC4FB5FF-5271-4E1E-B7F0-0A77E73CDF01}.Release|Any CPU.Build.0 = Release|Any CPU
	EndGlobalSection
	GlobalSection(SolutionProperties) = preSolution
		HideSolutionNode = FALSE
	EndGlobalSection
	GlobalSection(ExtensibilityGlobals) = postSolution
		SolutionGuid = {371F0FE1-442E-4F05-98FC-51B845F3DBBE}
	EndGlobalSection
EndGlobal
