
Microsoft Visual Studio Solution File, Format Version 12.00
# Visual Studio Version 16
VisualStudioVersion = 16.0.29806.167
MinimumVisualStudioVersion = 10.0.40219.1
Project("{FAE04EC0-301F-11D3-BF4B-00C04F79EFBC}") = "ASTERIX", "ASTERIX\ASTERIX.csproj", "{3693810B-BB46-485B-AD40-2981BEC44727}"
EndProject
Project("{9A19103F-16F7-4668-BE54-9A1E7A4F7556}") = "LIBRERIACLASES", "LIBRERIACLASES\LIBRERIACLASES.csproj", "{26F8D405-74C1-4B89-908A-4349B5FB46BB}"
EndProject
Global
	GlobalSection(SolutionConfigurationPlatforms) = preSolution
		Debug|Any CPU = Debug|Any CPU
		Release|Any CPU = Release|Any CPU
	EndGlobalSection
	GlobalSection(ProjectConfigurationPlatforms) = postSolution
		{3693810B-BB46-485B-AD40-2981BEC44727}.Debug|Any CPU.ActiveCfg = Debug|Any CPU
		{3693810B-BB46-485B-AD40-2981BEC44727}.Debug|Any CPU.Build.0 = Debug|Any CPU
		{3693810B-BB46-485B-AD40-2981BEC44727}.Release|Any CPU.ActiveCfg = Release|Any CPU
		{3693810B-BB46-485B-AD40-2981BEC44727}.Release|Any CPU.Build.0 = Release|Any CPU
		{26F8D405-74C1-4B89-908A-4349B5FB46BB}.Debug|Any CPU.ActiveCfg = Debug|Any CPU
		{26F8D405-74C1-4B89-908A-4349B5FB46BB}.Debug|Any CPU.Build.0 = Debug|Any CPU
		{26F8D405-74C1-4B89-908A-4349B5FB46BB}.Release|Any CPU.ActiveCfg = Release|Any CPU
		{26F8D405-74C1-4B89-908A-4349B5FB46BB}.Release|Any CPU.Build.0 = Release|Any CPU
	EndGlobalSection
	GlobalSection(SolutionProperties) = preSolution
		HideSolutionNode = FALSE
	EndGlobalSection
	GlobalSection(ExtensibilityGlobals) = postSolution
		SolutionGuid = {FA23FB38-8B0D-4951-95B0-554ABA6C7776}
	EndGlobalSection
EndGlobal
